#MicroXplorer Configuration settings - do not modify
Mcu.Family=STM32F1
PA6.GPIOParameters=GPIO_Label
NVIC.SysTick_IRQn=true\:0\:0\:false\:false\:true\:false\:true
ProjectManager.LastFirmware=true
ProjectManager.MainLocation=Core/Src
ProjectManager.FirmwarePackage=STM32Cube FW_F1 V1.8.4
MxDb.Version=DB.6.0.21
ProjectManager.ProjectFileName=Week36_Ex2.ioc
RCC.APB2Freq_Value=8000000
ProjectManager.BackupPrevious=false
MxCube.Version=6.2.1
PD1-OSC_OUT.Mode=HSE-External-Oscillator
ProjectManager.KeepUserCode=true
Mcu.UserName=STM32F103C6Tx
Mcu.PinsNb=7
ProjectManager.NoMain=false
File.Version=6
VP_SYS_VS_Systick.Mode=SysTick
VP_SYS_VS_ND.Signal=SYS_VS_ND
RCC.PLLCLKFreq_Value=8000000
NVIC.NonMaskableInt_IRQn=true\:0\:0\:false\:false\:true\:false\:false
NVIC.PendSV_IRQn=true\:0\:0\:false\:false\:true\:false\:false
ProjectManager.functionlistsort=1-SystemClock_Config-RCC-false-HAL-false
ProjectManager.FreePins=false
RCC.IPParameters=APB1Freq_Value,APB2Freq_Value,FamilyName,PLLCLKFreq_Value,PLLMCOFreq_Value,TimSysFreq_Value
ProjectManager.DefaultFWLocation=true
ProjectManager.AskForMigrate=true
Mcu.Name=STM32F103C(4-6)Tx
PA6.GPIO_Label=LED_YELLOW
ProjectManager.HalAssertFull=false
PD0-OSC_IN.Signal=RCC_OSC_IN
ProjectManager.DeletePrevious=true
ProjectManager.ProjectName=Week36_Ex2
ProjectManager.UnderRoot=true
VP_SYS_VS_ND.Mode=No_Debug
RCC.PLLMCOFreq_Value=4000000
ProjectManager.CoupleFile=false
PinOutPanel.RotationAngle=0
Mcu.Package=LQFP48
PA6.Signal=GPIO_Output
RCC.FamilyName=M
RCC.TimSysFreq_Value=8000000
PA7.GPIO_Label=LED_GREEN
ProjectManager.StackSize=0x400
PA5.Locked=true
PA7.Locked=true
PA5.GPIO_Label=LED_RED
NVIC.ForceEnableDMAVector=true
PD1-OSC_OUT.Signal=RCC_OSC_OUT
KeepUserPlacement=false
NVIC.MemoryManagement_IRQn=true\:0\:0\:false\:false\:true\:false\:false
ProjectManager.CompilerOptimize=6
NVIC.SVCall_IRQn=true\:0\:0\:false\:false\:true\:false\:false
Mcu.IP2=SYS
ProjectManager.ToolChainLocation=
VP_SYS_VS_Systick.Signal=SYS_VS_Systick
Mcu.IP0=NVIC
Mcu.IP1=RCC
ProjectManager.HeapSize=0x200
NVIC.HardFault_IRQn=true\:0\:0\:false\:false\:true\:false\:false
PA5.GPIOParameters=GPIO_Label
Mcu.UserConstants=
ProjectManager.TargetToolchain=STM32CubeIDE
ProjectManager.ComputerToolchain=false
Mcu.ThirdPartyNb=0
NVIC.PriorityGroup=NVIC_PRIORITYGROUP_4
Mcu.IPNb=3
ProjectManager.PreviousToolchain=
NVIC.BusFault_IRQn=true\:0\:0\:false\:false\:true\:false\:false
Mcu.Pin6=VP_SYS_VS_Systick
ProjectManager.RegisterCallBack=
RCC.APB1Freq_Value=8000000
Mcu.Pin0=PD0-OSC_IN
Mcu.Pin1=PD1-OSC_OUT
PD0-OSC_IN.Mode=HSE-External-Oscillator
Mcu.Pin2=PA5
PA7.GPIOParameters=GPIO_Label
ProjectManager.CustomerFirmwarePackage=
Mcu.Pin3=PA6
ProjectManager.DeviceId=STM32F103C6Tx
Mcu.Pin4=PA7
Mcu.Pin5=VP_SYS_VS_ND
ProjectManager.LibraryCopy=1
PA5.Signal=GPIO_Output
ProjectManager.ProjectBuild=false
NVIC.UsageFault_IRQn=true\:0\:0\:false\:false\:true\:false\:false
NVIC.DebugMonitor_IRQn=true\:0\:0\:false\:false\:true\:false\:false
PA7.Signal=GPIO_Output
board=custom
PA6.Locked=true
isbadioc=false
